
Microsoft Visual Studio Solution File, Format Version 12.00
# Visual Studio Version 16
VisualStudioVersion = 16.0.31729.503
MinimumVisualStudioVersion = 10.0.40219.1
Project("{FAE04EC0-301F-11D3-BF4B-00C04F79EFBC}") = "_ListIEnumerable", "_ListIEnumerable\_ListIEnumerable.csproj", "{2C8BC6B2-95F3-4625-B4EE-37B7F3BE8450}"
EndProject
Global
	GlobalSection(SolutionConfigurationPlatforms) = preSolution
		Debug|Any CPU = Debug|Any CPU
		Release|Any CPU = Release|Any CPU
	EndGlobalSection
	GlobalSection(ProjectConfigurationPlatforms) = postSolution
		{2C8BC6B2-95F3-4625-B4EE-37B7F3BE8450}.Debug|Any CPU.ActiveCfg = Debug|Any CPU
		{2C8BC6B2-95F3-4625-B4EE-37B7F3BE8450}.Debug|Any CPU.Build.0 = Debug|Any CPU
		{2C8BC6B2-95F3-4625-B4EE-37B7F3BE8450}.Release|Any CPU.ActiveCfg = Release|Any CPU
		{2C8BC6B2-95F3-4625-B4EE-37B7F3BE8450}.Release|Any CPU.Build.0 = Release|Any CPU
	EndGlobalSection
	GlobalSection(SolutionProperties) = preSolution
		HideSolutionNode = FALSE
	EndGlobalSection
	GlobalSection(ExtensibilityGlobals) = postSolution
		SolutionGuid = {F06ABA5F-17F8-4D41-8124-BAD875206F96}
	EndGlobalSection
EndGlobal
